
Microsoft Visual Studio Solution File, Format Version 12.00
# Visual Studio Version 17
VisualStudioVersion = 17.13.35825.156 d17.13
MinimumVisualStudioVersion = 10.0.40219.1
Project("{FAE04EC0-301F-11D3-BF4B-00C04F79EFBC}") = "AssignmentB", "AssignmentB\AssignmentB.csproj", "{F410142B-959A-4CD6-AEDF-1D7FDAD64CDB}"
EndProject
Global
	GlobalSection(SolutionConfigurationPlatforms) = preSolution
		Debug|Any CPU = Debug|Any CPU
		Release|Any CPU = Release|Any CPU
	EndGlobalSection
	GlobalSection(ProjectConfigurationPlatforms) = postSolution
		{F410142B-959A-4CD6-AEDF-1D7FDAD64CDB}.Debug|Any CPU.ActiveCfg = Debug|Any CPU
		{F410142B-959A-4CD6-AEDF-1D7FDAD64CDB}.Debug|Any CPU.Build.0 = Debug|Any CPU
		{F410142B-959A-4CD6-AEDF-1D7FDAD64CDB}.Release|Any CPU.ActiveCfg = Release|Any CPU
		{F410142B-959A-4CD6-AEDF-1D7FDAD64CDB}.Release|Any CPU.Build.0 = Release|Any CPU
	EndGlobalSection
	GlobalSection(SolutionProperties) = preSolution
		HideSolutionNode = FALSE
	EndGlobalSection
	GlobalSection(ExtensibilityGlobals) = postSolution
		SolutionGuid = {C50641C6-73AF-4FC8-A6A0-363E61C91CC8}
	EndGlobalSection
EndGlobal
