
Microsoft Visual Studio Solution File, Format Version 12.00
# Visual Studio Version 17
VisualStudioVersion = 17.13.35825.156
MinimumVisualStudioVersion = 10.0.40219.1
Project("{FAE04EC0-301F-11D3-BF4B-00C04F79EFBC}") = "AssignmentA", "AssignmentA\AssignmentA.csproj", "{8FACC6F3-7260-46CC-9941-2006E45D9FFC}"
EndProject
Global
	GlobalSection(SolutionConfigurationPlatforms) = preSolution
		Debug|Any CPU = Debug|Any CPU
		Release|Any CPU = Release|Any CPU
	EndGlobalSection
	GlobalSection(ProjectConfigurationPlatforms) = postSolution
		{8FACC6F3-7260-46CC-9941-2006E45D9FFC}.Debug|Any CPU.ActiveCfg = Debug|Any CPU
		{8FACC6F3-7260-46CC-9941-2006E45D9FFC}.Debug|Any CPU.Build.0 = Debug|Any CPU
		{8FACC6F3-7260-46CC-9941-2006E45D9FFC}.Release|Any CPU.ActiveCfg = Release|Any CPU
		{8FACC6F3-7260-46CC-9941-2006E45D9FFC}.Release|Any CPU.Build.0 = Release|Any CPU
	EndGlobalSection
	GlobalSection(SolutionProperties) = preSolution
		HideSolutionNode = FALSE
	EndGlobalSection
	GlobalSection(ExtensibilityGlobals) = postSolution
		SolutionGuid = {B53F98B3-2670-40C5-8C3A-BDA0F896B0FF}
	EndGlobalSection
EndGlobal
